
Microsoft Visual Studio Solution File, Format Version 12.00
# Visual Studio Version 17
VisualStudioVersion = 17.11.35327.3
MinimumVisualStudioVersion = 10.0.40219.1
Project("{FAE04EC0-301F-11D3-BF4B-00C04F79EFBC}") = "ConsoleApp4", "ConsoleApp4\ConsoleApp4.csproj", "{6584129B-F36F-4E24-8B80-51A5E20CA25D}"
EndProject
Global
	GlobalSection(SolutionConfigurationPlatforms) = preSolution
		Debug|Any CPU = Debug|Any CPU
		Release|Any CPU = Release|Any CPU
	EndGlobalSection
	GlobalSection(ProjectConfigurationPlatforms) = postSolution
		{6584129B-F36F-4E24-8B80-51A5E20CA25D}.Debug|Any CPU.ActiveCfg = Debug|Any CPU
		{6584129B-F36F-4E24-8B80-51A5E20CA25D}.Debug|Any CPU.Build.0 = Debug|Any CPU
		{6584129B-F36F-4E24-8B80-51A5E20CA25D}.Release|Any CPU.ActiveCfg = Release|Any CPU
		{6584129B-F36F-4E24-8B80-51A5E20CA25D}.Release|Any CPU.Build.0 = Release|Any CPU
	EndGlobalSection
	GlobalSection(SolutionProperties) = preSolution
		HideSolutionNode = FALSE
	EndGlobalSection
	GlobalSection(ExtensibilityGlobals) = postSolution
		SolutionGuid = {A4B64313-48FA-4FF6-B1D0-B7D9C2987A7A}
	EndGlobalSection
EndGlobal
